
Microsoft Visual Studio Solution File, Format Version 12.00
# Visual Studio Version 17
VisualStudioVersion = 17.0.31903.59
MinimumVisualStudioVersion = 10.0.40219.1
Project("{FAE04EC0-301F-11D3-BF4B-00C04F79EFBC}") = "ConsoleApp1", "ConsoleApp1\ConsoleApp1.csproj", "{5971A3BE-0C49-4210-8F0F-E74CE66A4DE4}"
EndProject
Project("{FAE04EC0-301F-11D3-BF4B-00C04F79EFBC}") = "FiboMatrixTest", "FiboMatrixTest\FiboMatrixTest.csproj", "{D3651CF7-25D4-4586-9420-80A8A7745C12}"
EndProject
Project("{FAE04EC0-301F-11D3-BF4B-00C04F79EFBC}") = "TopologicalSort", "..\TopologicalSort\TopologicalSort.csproj", "{39820A94-BF84-42EF-8226-DF1E57D6C8DE}"
EndProject
Global
	GlobalSection(SolutionConfigurationPlatforms) = preSolution
		Debug|Any CPU = Debug|Any CPU
		Debug|x64 = Debug|x64
		Debug|x86 = Debug|x86
		Release|Any CPU = Release|Any CPU
		Release|x64 = Release|x64
		Release|x86 = Release|x86
	EndGlobalSection
	GlobalSection(ProjectConfigurationPlatforms) = postSolution
		{5971A3BE-0C49-4210-8F0F-E74CE66A4DE4}.Debug|Any CPU.ActiveCfg = Debug|Any CPU
		{5971A3BE-0C49-4210-8F0F-E74CE66A4DE4}.Debug|Any CPU.Build.0 = Debug|Any CPU
		{5971A3BE-0C49-4210-8F0F-E74CE66A4DE4}.Debug|x64.ActiveCfg = Debug|Any CPU
		{5971A3BE-0C49-4210-8F0F-E74CE66A4DE4}.Debug|x64.Build.0 = Debug|Any CPU
		{5971A3BE-0C49-4210-8F0F-E74CE66A4DE4}.Debug|x86.ActiveCfg = Debug|Any CPU
		{5971A3BE-0C49-4210-8F0F-E74CE66A4DE4}.Debug|x86.Build.0 = Debug|Any CPU
		{5971A3BE-0C49-4210-8F0F-E74CE66A4DE4}.Release|Any CPU.ActiveCfg = Release|Any CPU
		{5971A3BE-0C49-4210-8F0F-E74CE66A4DE4}.Release|Any CPU.Build.0 = Release|Any CPU
		{5971A3BE-0C49-4210-8F0F-E74CE66A4DE4}.Release|x64.ActiveCfg = Release|Any CPU
		{5971A3BE-0C49-4210-8F0F-E74CE66A4DE4}.Release|x64.Build.0 = Release|Any CPU
		{5971A3BE-0C49-4210-8F0F-E74CE66A4DE4}.Release|x86.ActiveCfg = Release|Any CPU
		{5971A3BE-0C49-4210-8F0F-E74CE66A4DE4}.Release|x86.Build.0 = Release|Any CPU
		{D3651CF7-25D4-4586-9420-80A8A7745C12}.Debug|Any CPU.ActiveCfg = Debug|Any CPU
		{D3651CF7-25D4-4586-9420-80A8A7745C12}.Debug|Any CPU.Build.0 = Debug|Any CPU
		{D3651CF7-25D4-4586-9420-80A8A7745C12}.Debug|x64.ActiveCfg = Debug|Any CPU
		{D3651CF7-25D4-4586-9420-80A8A7745C12}.Debug|x64.Build.0 = Debug|Any CPU
		{D3651CF7-25D4-4586-9420-80A8A7745C12}.Debug|x86.ActiveCfg = Debug|Any CPU
		{D3651CF7-25D4-4586-9420-80A8A7745C12}.Debug|x86.Build.0 = Debug|Any CPU
		{D3651CF7-25D4-4586-9420-80A8A7745C12}.Release|Any CPU.ActiveCfg = Release|Any CPU
		{D3651CF7-25D4-4586-9420-80A8A7745C12}.Release|Any CPU.Build.0 = Release|Any CPU
		{D3651CF7-25D4-4586-9420-80A8A7745C12}.Release|x64.ActiveCfg = Release|Any CPU
		{D3651CF7-25D4-4586-9420-80A8A7745C12}.Release|x64.Build.0 = Release|Any CPU
		{D3651CF7-25D4-4586-9420-80A8A7745C12}.Release|x86.ActiveCfg = Release|Any CPU
		{D3651CF7-25D4-4586-9420-80A8A7745C12}.Release|x86.Build.0 = Release|Any CPU
		{39820A94-BF84-42EF-8226-DF1E57D6C8DE}.Debug|Any CPU.ActiveCfg = Debug|Any CPU
		{39820A94-BF84-42EF-8226-DF1E57D6C8DE}.Debug|Any CPU.Build.0 = Debug|Any CPU
		{39820A94-BF84-42EF-8226-DF1E57D6C8DE}.Debug|x64.ActiveCfg = Debug|Any CPU
		{39820A94-BF84-42EF-8226-DF1E57D6C8DE}.Debug|x64.Build.0 = Debug|Any CPU
		{39820A94-BF84-42EF-8226-DF1E57D6C8DE}.Debug|x86.ActiveCfg = Debug|Any CPU
		{39820A94-BF84-42EF-8226-DF1E57D6C8DE}.Debug|x86.Build.0 = Debug|Any CPU
		{39820A94-BF84-42EF-8226-DF1E57D6C8DE}.Release|Any CPU.ActiveCfg = Release|Any CPU
		{39820A94-BF84-42EF-8226-DF1E57D6C8DE}.Release|Any CPU.Build.0 = Release|Any CPU
		{39820A94-BF84-42EF-8226-DF1E57D6C8DE}.Release|x64.ActiveCfg = Release|Any CPU
		{39820A94-BF84-42EF-8226-DF1E57D6C8DE}.Release|x64.Build.0 = Release|Any CPU
		{39820A94-BF84-42EF-8226-DF1E57D6C8DE}.Release|x86.ActiveCfg = Release|Any CPU
		{39820A94-BF84-42EF-8226-DF1E57D6C8DE}.Release|x86.Build.0 = Release|Any CPU
	EndGlobalSection
	GlobalSection(SolutionProperties) = preSolution
		HideSolutionNode = FALSE
	EndGlobalSection
EndGlobal
